
Microsoft Visual Studio Solution File, Format Version 11.00
# Visual Studio 2010
Project("{FAE04EC0-301F-11D3-BF4B-00C04F79EFBC}") = "Gibbed.MassEffect3.FileFormats", "Gibbed.MassEffect3.FileFormats\Gibbed.MassEffect3.FileFormats.csproj", "{681DB2CE-E3EB-4110-AC50-F53EACA66E99}"
EndProject
Project("{FAE04EC0-301F-11D3-BF4B-00C04F79EFBC}") = "Gibbed.IO", "Gibbed.IO\Gibbed.IO.csproj", "{047857BA-DAA3-4CA7-AFB8-A1B082B28C6A}"
EndProject
Project("{FAE04EC0-301F-11D3-BF4B-00C04F79EFBC}") = "NDesk.Options", "NDesk.Options\NDesk.Options.csproj", "{C98A6CD6-9422-4B35-8B7A-F520D75534D1}"
EndProject
Project("{2150E333-8FDC-42A3-9474-1A3956D46DE8}") = "Misc", "Misc", "{284DAED2-69FC-4D63-890B-CB0F2670E224}"
EndProject
Project("{FAE04EC0-301F-11D3-BF4B-00C04F79EFBC}") = "Test", "Test\Test.csproj", "{B79BBD01-10A2-4542-A941-962370FCD471}"
EndProject
Project("{FAE04EC0-301F-11D3-BF4B-00C04F79EFBC}") = "Gibbed.MassEffect3.Coalesce", "Gibbed.MassEffect3.Coalesce\Gibbed.MassEffect3.Coalesce.csproj", "{35D8FCDF-B9CE-41F5-BE58-5E6EE114FFB6}"
EndProject
Project("{FAE04EC0-301F-11D3-BF4B-00C04F79EFBC}") = "Gibbed.MassEffect3.PackageDecompress", "Gibbed.MassEffect3.PackageDecompress\Gibbed.MassEffect3.PackageDecompress.csproj", "{FBD4D8AE-4752-4126-B155-A1CDA73E773E}"
EndProject
Project("{FAE04EC0-301F-11D3-BF4B-00C04F79EFBC}") = "Gibbed.MassEffect3.PackageUnpack", "Gibbed.MassEffect3.PackageUnpack\Gibbed.MassEffect3.PackageUnpack.csproj", "{07D98321-3607-4E71-8199-F966AD1F4B05}"
EndProject
Project("{FAE04EC0-301F-11D3-BF4B-00C04F79EFBC}") = "Gibbed.MassEffect3.SFXArchiveUnpack", "Gibbed.MassEffect3.SFXArchiveUnpack\Gibbed.MassEffect3.SFXArchiveUnpack.csproj", "{2378F5BE-624F-4E04-ACB3-F865245E80BF}"
EndProject
Project("{FAE04EC0-301F-11D3-BF4B-00C04F79EFBC}") = "Gibbed.ProjectData", "Gibbed.ProjectData\Gibbed.ProjectData.csproj", "{F27A289E-3376-4653-89F3-D19C1ECABF33}"
EndProject
Project("{2150E333-8FDC-42A3-9474-1A3956D46DE8}") = "Tools", "Tools", "{4B4D1290-F547-46E3-A91A-584141CB367C}"
EndProject
Project("{FAE04EC0-301F-11D3-BF4B-00C04F79EFBC}") = "Gibbed.MassEffect3.SaveEdit", "Gibbed.MassEffect3.SaveEdit\Gibbed.MassEffect3.SaveEdit.csproj", "{AA269746-CEFB-4DD0-BC51-04201DD61FD8}"
EndProject
Project("{FAE04EC0-301F-11D3-BF4B-00C04F79EFBC}") = "ColorPicker", "ColorPicker\ColorPicker.csproj", "{8632C79B-A1CC-45D1-BED8-4B335F72D769}"
EndProject
Project("{FAE04EC0-301F-11D3-BF4B-00C04F79EFBC}") = "Gibbed.MassEffect3.AudioExtract", "Gibbed.MassEffect3.AudioExtract\Gibbed.MassEffect3.AudioExtract.csproj", "{01B2A49B-0F64-4ACD-BDB7-8544E8721124}"
EndProject
Project("{FAE04EC0-301F-11D3-BF4B-00C04F79EFBC}") = "Gibbed.MassEffect3.ConditionalDump", "Gibbed.MassEffect3.ConditionalDump\Gibbed.MassEffect3.ConditionalDump.csproj", "{956A13B6-E278-411D-A77F-D5EDD3C7FAB2}"
EndProject
Project("{2150E333-8FDC-42A3-9474-1A3956D46DE8}") = "Package", "Package", "{73C2DBC7-E57C-495B-B1A5-CFEE4477568F}"
EndProject
Project("{2150E333-8FDC-42A3-9474-1A3956D46DE8}") = "Misc", "Misc", "{74656C1B-7765-4C76-B085-B3C8206530F1}"
EndProject
Project("{FAE04EC0-301F-11D3-BF4B-00C04F79EFBC}") = "Gibbed.MassEffect3.SaveFormats", "Gibbed.MassEffect3.SaveFormats\Gibbed.MassEffect3.SaveFormats.csproj", "{F9749A52-B9E4-4503-80CE-FF09FE489666}"
EndProject
Global
	GlobalSection(SolutionConfigurationPlatforms) = preSolution
		Debug|Any CPU = Debug|Any CPU
		Debug|Mixed Platforms = Debug|Mixed Platforms
		Debug|x86 = Debug|x86
		Release|Any CPU = Release|Any CPU
		Release|Mixed Platforms = Release|Mixed Platforms
		Release|x86 = Release|x86
	EndGlobalSection
	GlobalSection(ProjectConfigurationPlatforms) = postSolution
		{681DB2CE-E3EB-4110-AC50-F53EACA66E99}.Debug|Any CPU.ActiveCfg = Debug|Any CPU
		{681DB2CE-E3EB-4110-AC50-F53EACA66E99}.Debug|Any CPU.Build.0 = Debug|Any CPU
		{681DB2CE-E3EB-4110-AC50-F53EACA66E99}.Debug|Mixed Platforms.ActiveCfg = Debug|Any CPU
		{681DB2CE-E3EB-4110-AC50-F53EACA66E99}.Debug|Mixed Platforms.Build.0 = Debug|Any CPU
		{681DB2CE-E3EB-4110-AC50-F53EACA66E99}.Debug|x86.ActiveCfg = Debug|Any CPU
		{681DB2CE-E3EB-4110-AC50-F53EACA66E99}.Release|Any CPU.ActiveCfg = Release|Any CPU
		{681DB2CE-E3EB-4110-AC50-F53EACA66E99}.Release|Any CPU.Build.0 = Release|Any CPU
		{681DB2CE-E3EB-4110-AC50-F53EACA66E99}.Release|Mixed Platforms.ActiveCfg = Release|Any CPU
		{681DB2CE-E3EB-4110-AC50-F53EACA66E99}.Release|Mixed Platforms.Build.0 = Release|Any CPU
		{681DB2CE-E3EB-4110-AC50-F53EACA66E99}.Release|x86.ActiveCfg = Release|Any CPU
		{047857BA-DAA3-4CA7-AFB8-A1B082B28C6A}.Debug|Any CPU.ActiveCfg = Debug|Any CPU
		{047857BA-DAA3-4CA7-AFB8-A1B082B28C6A}.Debug|Any CPU.Build.0 = Debug|Any CPU
		{047857BA-DAA3-4CA7-AFB8-A1B082B28C6A}.Debug|Mixed Platforms.ActiveCfg = Debug|Any CPU
		{047857BA-DAA3-4CA7-AFB8-A1B082B28C6A}.Debug|Mixed Platforms.Build.0 = Debug|Any CPU
		{047857BA-DAA3-4CA7-AFB8-A1B082B28C6A}.Debug|x86.ActiveCfg = Debug|Any CPU
		{047857BA-DAA3-4CA7-AFB8-A1B082B28C6A}.Release|Any CPU.ActiveCfg = Release|Any CPU
		{047857BA-DAA3-4CA7-AFB8-A1B082B28C6A}.Release|Any CPU.Build.0 = Release|Any CPU
		{047857BA-DAA3-4CA7-AFB8-A1B082B28C6A}.Release|Mixed Platforms.ActiveCfg = Release|Any CPU
		{047857BA-DAA3-4CA7-AFB8-A1B082B28C6A}.Release|Mixed Platforms.Build.0 = Release|Any CPU
		{047857BA-DAA3-4CA7-AFB8-A1B082B28C6A}.Release|x86.ActiveCfg = Release|Any CPU
		{C98A6CD6-9422-4B35-8B7A-F520D75534D1}.Debug|Any CPU.ActiveCfg = Debug|Any CPU
		{C98A6CD6-9422-4B35-8B7A-F520D75534D1}.Debug|Any CPU.Build.0 = Debug|Any CPU
		{C98A6CD6-9422-4B35-8B7A-F520D75534D1}.Debug|Mixed Platforms.ActiveCfg = Debug|Any CPU
		{C98A6CD6-9422-4B35-8B7A-F520D75534D1}.Debug|Mixed Platforms.Build.0 = Debug|Any CPU
		{C98A6CD6-9422-4B35-8B7A-F520D75534D1}.Debug|x86.ActiveCfg = Debug|Any CPU
		{C98A6CD6-9422-4B35-8B7A-F520D75534D1}.Release|Any CPU.ActiveCfg = Release|Any CPU
		{C98A6CD6-9422-4B35-8B7A-F520D75534D1}.Release|Any CPU.Build.0 = Release|Any CPU
		{C98A6CD6-9422-4B35-8B7A-F520D75534D1}.Release|Mixed Platforms.ActiveCfg = Release|Any CPU
		{C98A6CD6-9422-4B35-8B7A-F520D75534D1}.Release|Mixed Platforms.Build.0 = Release|Any CPU
		{C98A6CD6-9422-4B35-8B7A-F520D75534D1}.Release|x86.ActiveCfg = Release|Any CPU
		{B79BBD01-10A2-4542-A941-962370FCD471}.Debug|Any CPU.ActiveCfg = Debug|x86
		{B79BBD01-10A2-4542-A941-962370FCD471}.Debug|Mixed Platforms.ActiveCfg = Debug|x86
		{B79BBD01-10A2-4542-A941-962370FCD471}.Debug|Mixed Platforms.Build.0 = Debug|x86
		{B79BBD01-10A2-4542-A941-962370FCD471}.Debug|x86.ActiveCfg = Debug|x86
		{B79BBD01-10A2-4542-A941-962370FCD471}.Debug|x86.Build.0 = Debug|x86
		{B79BBD01-10A2-4542-A941-962370FCD471}.Release|Any CPU.ActiveCfg = Release|x86
		{B79BBD01-10A2-4542-A941-962370FCD471}.Release|Mixed Platforms.ActiveCfg = Release|x86
		{B79BBD01-10A2-4542-A941-962370FCD471}.Release|Mixed Platforms.Build.0 = Release|x86
		{B79BBD01-10A2-4542-A941-962370FCD471}.Release|x86.ActiveCfg = Release|x86
		{B79BBD01-10A2-4542-A941-962370FCD471}.Release|x86.Build.0 = Release|x86
		{35D8FCDF-B9CE-41F5-BE58-5E6EE114FFB6}.Debug|Any CPU.ActiveCfg = Debug|x86
		{35D8FCDF-B9CE-41F5-BE58-5E6EE114FFB6}.Debug|Mixed Platforms.ActiveCfg = Debug|x86
		{35D8FCDF-B9CE-41F5-BE58-5E6EE114FFB6}.Debug|Mixed Platforms.Build.0 = Debug|x86
		{35D8FCDF-B9CE-41F5-BE58-5E6EE114FFB6}.Debug|x86.ActiveCfg = Debug|x86
		{35D8FCDF-B9CE-41F5-BE58-5E6EE114FFB6}.Debug|x86.Build.0 = Debug|x86
		{35D8FCDF-B9CE-41F5-BE58-5E6EE114FFB6}.Release|Any CPU.ActiveCfg = Release|x86
		{35D8FCDF-B9CE-41F5-BE58-5E6EE114FFB6}.Release|Mixed Platforms.ActiveCfg = Release|x86
		{35D8FCDF-B9CE-41F5-BE58-5E6EE114FFB6}.Release|Mixed Platforms.Build.0 = Release|x86
		{35D8FCDF-B9CE-41F5-BE58-5E6EE114FFB6}.Release|x86.ActiveCfg = Release|x86
		{35D8FCDF-B9CE-41F5-BE58-5E6EE114FFB6}.Release|x86.Build.0 = Release|x86
		{FBD4D8AE-4752-4126-B155-A1CDA73E773E}.Debug|Any CPU.ActiveCfg = Debug|x86
		{FBD4D8AE-4752-4126-B155-A1CDA73E773E}.Debug|Mixed Platforms.ActiveCfg = Debug|x86
		{FBD4D8AE-4752-4126-B155-A1CDA73E773E}.Debug|Mixed Platforms.Build.0 = Debug|x86
		{FBD4D8AE-4752-4126-B155-A1CDA73E773E}.Debug|x86.ActiveCfg = Debug|x86
		{FBD4D8AE-4752-4126-B155-A1CDA73E773E}.Debug|x86.Build.0 = Debug|x86
		{FBD4D8AE-4752-4126-B155-A1CDA73E773E}.Release|Any CPU.ActiveCfg = Release|x86
		{FBD4D8AE-4752-4126-B155-A1CDA73E773E}.Release|Mixed Platforms.ActiveCfg = Release|x86
		{FBD4D8AE-4752-4126-B155-A1CDA73E773E}.Release|Mixed Platforms.Build.0 = Release|x86
		{FBD4D8AE-4752-4126-B155-A1CDA73E773E}.Release|x86.ActiveCfg = Release|x86
		{FBD4D8AE-4752-4126-B155-A1CDA73E773E}.Release|x86.Build.0 = Release|x86
		{07D98321-3607-4E71-8199-F966AD1F4B05}.Debug|Any CPU.ActiveCfg = Debug|x86
		{07D98321-3607-4E71-8199-F966AD1F4B05}.Debug|Mixed Platforms.ActiveCfg = Debug|x86
		{07D98321-3607-4E71-8199-F966AD1F4B05}.Debug|Mixed Platforms.Build.0 = Debug|x86
		{07D98321-3607-4E71-8199-F966AD1F4B05}.Debug|x86.ActiveCfg = Debug|x86
		{07D98321-3607-4E71-8199-F966AD1F4B05}.Debug|x86.Build.0 = Debug|x86
		{07D98321-3607-4E71-8199-F966AD1F4B05}.Release|Any CPU.ActiveCfg = Release|x86
		{07D98321-3607-4E71-8199-F966AD1F4B05}.Release|Mixed Platforms.ActiveCfg = Release|x86
		{07D98321-3607-4E71-8199-F966AD1F4B05}.Release|Mixed Platforms.Build.0 = Release|x86
		{07D98321-3607-4E71-8199-F966AD1F4B05}.Release|x86.ActiveCfg = Release|x86
		{07D98321-3607-4E71-8199-F966AD1F4B05}.Release|x86.Build.0 = Release|x86
		{2378F5BE-624F-4E04-ACB3-F865245E80BF}.Debug|Any CPU.ActiveCfg = Debug|x86
		{2378F5BE-624F-4E04-ACB3-F865245E80BF}.Debug|Mixed Platforms.ActiveCfg = Debug|x86
		{2378F5BE-624F-4E04-ACB3-F865245E80BF}.Debug|Mixed Platforms.Build.0 = Debug|x86
		{2378F5BE-624F-4E04-ACB3-F865245E80BF}.Debug|x86.ActiveCfg = Debug|x86
		{2378F5BE-624F-4E04-ACB3-F865245E80BF}.Debug|x86.Build.0 = Debug|x86
		{2378F5BE-624F-4E04-ACB3-F865245E80BF}.Release|Any CPU.ActiveCfg = Release|x86
		{2378F5BE-624F-4E04-ACB3-F865245E80BF}.Release|Mixed Platforms.ActiveCfg = Release|x86
		{2378F5BE-624F-4E04-ACB3-F865245E80BF}.Release|Mixed Platforms.Build.0 = Release|x86
		{2378F5BE-624F-4E04-ACB3-F865245E80BF}.Release|x86.ActiveCfg = Release|x86
		{2378F5BE-624F-4E04-ACB3-F865245E80BF}.Release|x86.Build.0 = Release|x86
		{F27A289E-3376-4653-89F3-D19C1ECABF33}.Debug|Any CPU.ActiveCfg = Debug|Any CPU
		{F27A289E-3376-4653-89F3-D19C1ECABF33}.Debug|Any CPU.Build.0 = Debug|Any CPU
		{F27A289E-3376-4653-89F3-D19C1ECABF33}.Debug|Mixed Platforms.ActiveCfg = Debug|Any CPU
		{F27A289E-3376-4653-89F3-D19C1ECABF33}.Debug|Mixed Platforms.Build.0 = Debug|Any CPU
		{F27A289E-3376-4653-89F3-D19C1ECABF33}.Debug|x86.ActiveCfg = Debug|Any CPU
		{F27A289E-3376-4653-89F3-D19C1ECABF33}.Release|Any CPU.ActiveCfg = Release|Any CPU
		{F27A289E-3376-4653-89F3-D19C1ECABF33}.Release|Any CPU.Build.0 = Release|Any CPU
		{F27A289E-3376-4653-89F3-D19C1ECABF33}.Release|Mixed Platforms.ActiveCfg = Release|Any CPU
		{F27A289E-3376-4653-89F3-D19C1ECABF33}.Release|Mixed Platforms.Build.0 = Release|Any CPU
		{F27A289E-3376-4653-89F3-D19C1ECABF33}.Release|x86.ActiveCfg = Release|Any CPU
		{AA269746-CEFB-4DD0-BC51-04201DD61FD8}.Debug|Any CPU.ActiveCfg = Debug|x86
		{AA269746-CEFB-4DD0-BC51-04201DD61FD8}.Debug|Mixed Platforms.ActiveCfg = Debug|x86
		{AA269746-CEFB-4DD0-BC51-04201DD61FD8}.Debug|Mixed Platforms.Build.0 = Debug|x86
		{AA269746-CEFB-4DD0-BC51-04201DD61FD8}.Debug|x86.ActiveCfg = Debug|x86
		{AA269746-CEFB-4DD0-BC51-04201DD61FD8}.Debug|x86.Build.0 = Debug|x86
		{AA269746-CEFB-4DD0-BC51-04201DD61FD8}.Release|Any CPU.ActiveCfg = Release|x86
		{AA269746-CEFB-4DD0-BC51-04201DD61FD8}.Release|Mixed Platforms.ActiveCfg = Release|x86
		{AA269746-CEFB-4DD0-BC51-04201DD61FD8}.Release|Mixed Platforms.Build.0 = Release|x86
		{AA269746-CEFB-4DD0-BC51-04201DD61FD8}.Release|x86.ActiveCfg = Release|x86
		{AA269746-CEFB-4DD0-BC51-04201DD61FD8}.Release|x86.Build.0 = Release|x86
		{8632C79B-A1CC-45D1-BED8-4B335F72D769}.Debug|Any CPU.ActiveCfg = Debug|Any CPU
		{8632C79B-A1CC-45D1-BED8-4B335F72D769}.Debug|Any CPU.Build.0 = Debug|Any CPU
		{8632C79B-A1CC-45D1-BED8-4B335F72D769}.Debug|Mixed Platforms.ActiveCfg = Debug|Any CPU
		{8632C79B-A1CC-45D1-BED8-4B335F72D769}.Debug|Mixed Platforms.Build.0 = Debug|Any CPU
		{8632C79B-A1CC-45D1-BED8-4B335F72D769}.Debug|x86.ActiveCfg = Debug|Any CPU
		{8632C79B-A1CC-45D1-BED8-4B335F72D769}.Release|Any CPU.ActiveCfg = Release|Any CPU
		{8632C79B-A1CC-45D1-BED8-4B335F72D769}.Release|Any CPU.Build.0 = Release|Any CPU
		{8632C79B-A1CC-45D1-BED8-4B335F72D769}.Release|Mixed Platforms.ActiveCfg = Release|Any CPU
		{8632C79B-A1CC-45D1-BED8-4B335F72D769}.Release|Mixed Platforms.Build.0 = Release|Any CPU
		{8632C79B-A1CC-45D1-BED8-4B335F72D769}.Release|x86.ActiveCfg = Release|Any CPU
		{01B2A49B-0F64-4ACD-BDB7-8544E8721124}.Debug|Any CPU.ActiveCfg = Debug|x86
		{01B2A49B-0F64-4ACD-BDB7-8544E8721124}.Debug|Mixed Platforms.ActiveCfg = Debug|x86
		{01B2A49B-0F64-4ACD-BDB7-8544E8721124}.Debug|Mixed Platforms.Build.0 = Debug|x86
		{01B2A49B-0F64-4ACD-BDB7-8544E8721124}.Debug|x86.ActiveCfg = Debug|x86
		{01B2A49B-0F64-4ACD-BDB7-8544E8721124}.Debug|x86.Build.0 = Debug|x86
		{01B2A49B-0F64-4ACD-BDB7-8544E8721124}.Release|Any CPU.ActiveCfg = Release|x86
		{01B2A49B-0F64-4ACD-BDB7-8544E8721124}.Release|Mixed Platforms.ActiveCfg = Release|x86
		{01B2A49B-0F64-4ACD-BDB7-8544E8721124}.Release|Mixed Platforms.Build.0 = Release|x86
		{01B2A49B-0F64-4ACD-BDB7-8544E8721124}.Release|x86.ActiveCfg = Release|x86
		{01B2A49B-0F64-4ACD-BDB7-8544E8721124}.Release|x86.Build.0 = Release|x86
		{956A13B6-E278-411D-A77F-D5EDD3C7FAB2}.Debug|Any CPU.ActiveCfg = Debug|x86
		{956A13B6-E278-411D-A77F-D5EDD3C7FAB2}.Debug|Mixed Platforms.ActiveCfg = Debug|x86
		{956A13B6-E278-411D-A77F-D5EDD3C7FAB2}.Debug|Mixed Platforms.Build.0 = Debug|x86
		{956A13B6-E278-411D-A77F-D5EDD3C7FAB2}.Debug|x86.ActiveCfg = Debug|x86
		{956A13B6-E278-411D-A77F-D5EDD3C7FAB2}.Debug|x86.Build.0 = Debug|x86
		{956A13B6-E278-411D-A77F-D5EDD3C7FAB2}.Release|Any CPU.ActiveCfg = Release|x86
		{956A13B6-E278-411D-A77F-D5EDD3C7FAB2}.Release|Mixed Platforms.ActiveCfg = Release|x86
		{956A13B6-E278-411D-A77F-D5EDD3C7FAB2}.Release|Mixed Platforms.Build.0 = Release|x86
		{956A13B6-E278-411D-A77F-D5EDD3C7FAB2}.Release|x86.ActiveCfg = Release|x86
		{956A13B6-E278-411D-A77F-D5EDD3C7FAB2}.Release|x86.Build.0 = Release|x86
		{F9749A52-B9E4-4503-80CE-FF09FE489666}.Debug|Any CPU.ActiveCfg = Debug|Any CPU
		{F9749A52-B9E4-4503-80CE-FF09FE489666}.Debug|Any CPU.Build.0 = Debug|Any CPU
		{F9749A52-B9E4-4503-80CE-FF09FE489666}.Debug|Mixed Platforms.ActiveCfg = Debug|Any CPU
		{F9749A52-B9E4-4503-80CE-FF09FE489666}.Debug|Mixed Platforms.Build.0 = Debug|Any CPU
		{F9749A52-B9E4-4503-80CE-FF09FE489666}.Debug|x86.ActiveCfg = Debug|Any CPU
		{F9749A52-B9E4-4503-80CE-FF09FE489666}.Release|Any CPU.ActiveCfg = Release|Any CPU
		{F9749A52-B9E4-4503-80CE-FF09FE489666}.Release|Any CPU.Build.0 = Release|Any CPU
		{F9749A52-B9E4-4503-80CE-FF09FE489666}.Release|Mixed Platforms.ActiveCfg = Release|Any CPU
		{F9749A52-B9E4-4503-80CE-FF09FE489666}.Release|Mixed Platforms.Build.0 = Release|Any CPU
		{F9749A52-B9E4-4503-80CE-FF09FE489666}.Release|x86.ActiveCfg = Release|Any CPU
	EndGlobalSection
	GlobalSection(SolutionProperties) = preSolution
		HideSolutionNode = FALSE
	EndGlobalSection
	GlobalSection(NestedProjects) = preSolution
		{C98A6CD6-9422-4B35-8B7A-F520D75534D1} = {284DAED2-69FC-4D63-890B-CB0F2670E224}
		{047857BA-DAA3-4CA7-AFB8-A1B082B28C6A} = {284DAED2-69FC-4D63-890B-CB0F2670E224}
		{F27A289E-3376-4653-89F3-D19C1ECABF33} = {284DAED2-69FC-4D63-890B-CB0F2670E224}
		{8632C79B-A1CC-45D1-BED8-4B335F72D769} = {284DAED2-69FC-4D63-890B-CB0F2670E224}
		{74656C1B-7765-4C76-B085-B3C8206530F1} = {4B4D1290-F547-46E3-A91A-584141CB367C}
		{73C2DBC7-E57C-495B-B1A5-CFEE4477568F} = {4B4D1290-F547-46E3-A91A-584141CB367C}
		{B79BBD01-10A2-4542-A941-962370FCD471} = {4B4D1290-F547-46E3-A91A-584141CB367C}
		{AA269746-CEFB-4DD0-BC51-04201DD61FD8} = {4B4D1290-F547-46E3-A91A-584141CB367C}
		{956A13B6-E278-411D-A77F-D5EDD3C7FAB2} = {4B4D1290-F547-46E3-A91A-584141CB367C}
		{01B2A49B-0F64-4ACD-BDB7-8544E8721124} = {74656C1B-7765-4C76-B085-B3C8206530F1}
		{35D8FCDF-B9CE-41F5-BE58-5E6EE114FFB6} = {74656C1B-7765-4C76-B085-B3C8206530F1}
		{07D98321-3607-4E71-8199-F966AD1F4B05} = {73C2DBC7-E57C-495B-B1A5-CFEE4477568F}
		{2378F5BE-624F-4E04-ACB3-F865245E80BF} = {73C2DBC7-E57C-495B-B1A5-CFEE4477568F}
		{FBD4D8AE-4752-4126-B155-A1CDA73E773E} = {73C2DBC7-E57C-495B-B1A5-CFEE4477568F}
	EndGlobalSection
EndGlobal
